
Microsoft Visual Studio Solution File, Format Version 12.00
# Visual Studio Version 16
VisualStudioVersion = 16.0.30804.86
MinimumVisualStudioVersion = 10.0.40219.1
Project("{9A19103F-16F7-4668-BE54-9A1E7A4F7556}") = "LibraryApi", "LibraryApi\LibraryApi.csproj", "{DF12C883-B84B-4556-B48F-9102D4C0D474}"
EndProject
Project("{9A19103F-16F7-4668-BE54-9A1E7A4F7556}") = "LibraryApiIntegrationTests", "LibraryApiIntegrationTests\LibraryApiIntegrationTests.csproj", "{41A37299-DFEB-4896-8FB7-EF941E3E0576}"
EndProject
Project("{FAE04EC0-301F-11D3-BF4B-00C04F79EFBC}") = "CacheClient", "CacheClient\CacheClient.csproj", "{81A00F49-6A69-4FCC-878F-58504D95A001}"
EndProject
Global
	GlobalSection(SolutionConfigurationPlatforms) = preSolution
		Debug|Any CPU = Debug|Any CPU
		Release|Any CPU = Release|Any CPU
	EndGlobalSection
	GlobalSection(ProjectConfigurationPlatforms) = postSolution
		{DF12C883-B84B-4556-B48F-9102D4C0D474}.Debug|Any CPU.ActiveCfg = Debug|Any CPU
		{DF12C883-B84B-4556-B48F-9102D4C0D474}.Debug|Any CPU.Build.0 = Debug|Any CPU
		{DF12C883-B84B-4556-B48F-9102D4C0D474}.Release|Any CPU.ActiveCfg = Release|Any CPU
		{DF12C883-B84B-4556-B48F-9102D4C0D474}.Release|Any CPU.Build.0 = Release|Any CPU
		{41A37299-DFEB-4896-8FB7-EF941E3E0576}.Debug|Any CPU.ActiveCfg = Debug|Any CPU
		{41A37299-DFEB-4896-8FB7-EF941E3E0576}.Debug|Any CPU.Build.0 = Debug|Any CPU
		{41A37299-DFEB-4896-8FB7-EF941E3E0576}.Release|Any CPU.ActiveCfg = Release|Any CPU
		{41A37299-DFEB-4896-8FB7-EF941E3E0576}.Release|Any CPU.Build.0 = Release|Any CPU
		{81A00F49-6A69-4FCC-878F-58504D95A001}.Debug|Any CPU.ActiveCfg = Debug|Any CPU
		{81A00F49-6A69-4FCC-878F-58504D95A001}.Debug|Any CPU.Build.0 = Debug|Any CPU
		{81A00F49-6A69-4FCC-878F-58504D95A001}.Release|Any CPU.ActiveCfg = Release|Any CPU
		{81A00F49-6A69-4FCC-878F-58504D95A001}.Release|Any CPU.Build.0 = Release|Any CPU
	EndGlobalSection
	GlobalSection(SolutionProperties) = preSolution
		HideSolutionNode = FALSE
	EndGlobalSection
	GlobalSection(ExtensibilityGlobals) = postSolution
		SolutionGuid = {67D7E11F-495A-4EDF-A2AD-78F8FCC3E934}
	EndGlobalSection
EndGlobal
